
Microsoft Visual Studio Solution File, Format Version 12.00
# Visual Studio Version 17
VisualStudioVersion = 17.11.35222.181
MinimumVisualStudioVersion = 10.0.40219.1
Project("{FAE04EC0-301F-11D3-BF4B-00C04F79EFBC}") = "Week3_01", "Week3_01\Week3_01.csproj", "{A69E26A7-A86F-496C-8E49-780CD19DE607}"
EndProject
Global
	GlobalSection(SolutionConfigurationPlatforms) = preSolution
		Debug|Any CPU = Debug|Any CPU
		Release|Any CPU = Release|Any CPU
	EndGlobalSection
	GlobalSection(ProjectConfigurationPlatforms) = postSolution
		{A69E26A7-A86F-496C-8E49-780CD19DE607}.Debug|Any CPU.ActiveCfg = Debug|Any CPU
		{A69E26A7-A86F-496C-8E49-780CD19DE607}.Debug|Any CPU.Build.0 = Debug|Any CPU
		{A69E26A7-A86F-496C-8E49-780CD19DE607}.Release|Any CPU.ActiveCfg = Release|Any CPU
		{A69E26A7-A86F-496C-8E49-780CD19DE607}.Release|Any CPU.Build.0 = Release|Any CPU
	EndGlobalSection
	GlobalSection(SolutionProperties) = preSolution
		HideSolutionNode = FALSE
	EndGlobalSection
	GlobalSection(ExtensibilityGlobals) = postSolution
		SolutionGuid = {FC1E30BA-F3EE-4512-9DF8-C1DF7E50CD19}
	EndGlobalSection
EndGlobal
